// !$*UTF8*$!
{
	archiveVersion = 1;
	classes = {
	};
	objectVersion = 46;
	objects = {

/* Begin PBXBuildFile section */
		334CCC0E1B4CF71C00AB22F3 /* AppDelegate.swift in Sources */ = {isa = PBXBuildFile; fileRef = 334CCC0D1B4CF71C00AB22F3 /* AppDelegate.swift */; };
		334CCC101B4CF71C00AB22F3 /* ViewController.swift in Sources */ = {isa = PBXBuildFile; fileRef = 334CCC0F1B4CF71C00AB22F3 /* ViewController.swift */; };
		334CCC131B4CF71C00AB22F3 /* Main.storyboard in Resources */ = {isa = PBXBuildFile; fileRef = 334CCC111B4CF71C00AB22F3 /* Main.storyboard */; };
		334CCC151B4CF71C00AB22F3 /* Images.xcassets in Resources */ = {isa = PBXBuildFile; fileRef = 334CCC141B4CF71C00AB22F3 /* Images.xcassets */; };
		334CCC181B4CF71C00AB22F3 /* LaunchScreen.xib in Resources */ = {isa = PBXBuildFile; fileRef = 334CCC161B4CF71C00AB22F3 /* LaunchScreen.xib */; };
		334CCC241B4CF71C00AB22F3 /* Cat_YearTests.swift in Sources */ = {isa = PBXBuildFile; fileRef = 334CCC231B4CF71C00AB22F3 /* Cat_YearTests.swift */; };
/* End PBXBuildFile section */

/* Begin PBXContainerItemProxy section */
		334CCC1E1B4CF71C00AB22F3 /* PBXContainerItemProxy */ = {
			isa = PBXContainerItemProxy;
			containerPortal = 334CCC001B4CF71C00AB22F3 /* Project object */;
			proxyType = 1;
			remoteGlobalIDString = 334CCC071B4CF71C00AB22F3;
			remoteInfo = "Cat Year";
		};
/* End PBXContainerItemProxy section */

/* Begin PBXFileReference section */
		334CCC081B4CF71C00AB22F3 /* Cat Year.app */ = {isa = PBXFileReference; explicitFileType = wrapper.application; includeInIndex = 0; path = "Cat Year.app"; sourceTree = BUILT_PRODUCTS_DIR; };
		334CCC0C1B4CF71C00AB22F3 /* Info.plist */ = {isa = PBXFileReference; lastKnownFileType = text.plist.xml; path = Info.plist; sourceTree = "<group>"; };
		334CCC0D1B4CF71C00AB22F3 /* AppDelegate.swift */ = {isa = PBXFileReference; lastKnownFileType = sourcecode.swift; path = AppDelegate.swift; sourceTree = "<group>"; };
		334CCC0F1B4CF71C00AB22F3 /* ViewController.swift */ = {isa = PBXFileReference; lastKnownFileType = sourcecode.swift; path = ViewController.swift; sourceTree = "<group>"; };
		334CCC121B4CF71C00AB22F3 /* Base */ = {isa = PBXFileReference; lastKnownFileType = file.storyboard; name = Base; path = Base.lproj/Main.storyboard; sourceTree = "<group>"; };
		334CCC141B4CF71C00AB22F3 /* Images.xcassets */ = {isa = PBXFileReference; lastKnownFileType = folder.assetcatalog; path = Images.xcassets; sourceTree = "<group>"; };
		334CCC171B4CF71C00AB22F3 /* Base */ = {isa = PBXFileReference; lastKnownFileType = file.xib; name = Base; path = Base.lproj/LaunchScreen.xib; sourceTree = "<group>"; };
		334CCC1D1B4CF71C00AB22F3 /* Cat YearTests.xctest */ = {isa = PBXFileReference; explicitFileType = wrapper.cfbundle; includeInIndex = 0; path = "Cat YearTests.xctest"; sourceTree = BUILT_PRODUCTS_DIR; };
		334CCC221B4CF71C00AB22F3 /* Info.plist */ = {isa = PBXFileReference; lastKnownFileType = text.plist.xml; path = Info.plist; sourceTree = "<group>"; };
		334CCC231B4CF71C00AB22F3 /* Cat_YearTests.swift */ = {isa = PBXFileReference; lastKnownFileType = sourcecode.swift; path = Cat_YearTests.swift; sourceTree = "<group>"; };
/* End PBXFileReference section */

/* Begin PBXFrameworksBuildPhase section */
		334CCC051B4CF71C00AB22F3 /* Frameworks */ = {
			isa = PBXFrameworksBuildPhase;
			buildActionMask = 2147483647;
			files = (
			);
			runOnlyForDeploymentPostprocessing = 0;
		};
		334CCC1A1B4CF71C00AB22F3 /* Frameworks */ = {
			isa = PBXFrameworksBuildPhase;
			buildActionMask = 2147483647;
			files = (
			);
			runOnlyForDeploymentPostprocessing = 0;
		};
/* End PBXFrameworksBuildPhase section */

/* Begin PBXGroup section */
		334CCBFF1B4CF71C00AB22F3 = {
			isa = PBXGroup;
			children = (
				334CCC0A1B4CF71C00AB22F3 /* Cat Year */,
				334CCC201B4CF71C00AB22F3 /* Cat YearTests */,
				334CCC091B4CF71C00AB22F3 /* Products */,
			);
			sourceTree = "<group>";
		};
		334CCC091B4CF71C00AB22F3 /* Products */ = {
			isa = PBXGroup;
			children = (
				334CCC081B4CF71C00AB22F3 /* Cat Year.app */,
				334CCC1D1B4CF71C00AB22F3 /* Cat YearTests.xctest */,
			);
			name = Products;
			sourceTree = "<group>";
		};
		334CCC0A1B4CF71C00AB22F3 /* Cat Year */ = {
			isa = PBXGroup;
			children = (
				334CCC0D1B4CF71C00AB22F3 /* AppDelegate.swift */,
				334CCC0F1B4CF71C00AB22F3 /* ViewController.swift */,
				334CCC111B4CF71C00AB22F3 /* Main.storyboard */,
				334CCC141B4CF71C00AB22F3 /* Images.xcassets */,
				334CCC161B4CF71C00AB22F3 /* LaunchScreen.xib */,
				334CCC0B1B4CF71C00AB22F3 /* Supporting Files */,
			);
			path = "Cat Year";
			sourceTree = "<group>";
		};
		334CCC0B1B4CF71C00AB22F3 /* Supporting Files */ = {
			isa = PBXGroup;
			children = (
				334CCC0C1B4CF71C00AB22F3 /* Info.plist */,
			);
			name = "Supporting Files";
			sourceTree = "<group>";
		};
		334CCC201B4CF71C00AB22F3 /* Cat YearTests */ = {
			isa = PBXGroup;
			children = (
				334CCC231B4CF71C00AB22F3 /* Cat_YearTests.swift */,
				334CCC211B4CF71C00AB22F3 /* Supporting Files */,
			);
			path = "Cat YearTests";
			sourceTree = "<group>";
		};
		334CCC211B4CF71C00AB22F3 /* Supporting Files */ = {
			isa = PBXGroup;
			children = (
				334CCC221B4CF71C00AB22F3 /* Info.plist */,
			);
			name = "Supporting Files";
			sourceTree = "<group>";
		};
/* End PBXGroup section */

/* Begin PBXNativeTarget section */
		334CCC071B4CF71C00AB22F3 /* Cat Year */ = {
			isa = PBXNativeTarget;
			buildConfigurationList = 334CCC271B4CF71C00AB22F3 /* Build configuration list for PBXNativeTarget "Cat Year" */;
			buildPhases = (
				334CCC041B4CF71C00AB22F3 /* Sources */,
				334CCC051B4CF71C00AB22F3 /* Frameworks */,
				334CCC061B4CF71C00AB22F3 /* Resources */,
			);
			buildRules = (
			);
			dependencies = (
			);
			name = "Cat Year";
			productName = "Cat Year";
			productReference = 334CCC081B4CF71C00AB22F3 /* Cat Year.app */;
			productType = "com.apple.product-type.application";
		};
		334CCC1C1B4CF71C00AB22F3 /* Cat YearTests */ = {
			isa = PBXNativeTarget;
			buildConfigurationList = 334CCC2A1B4CF71C00AB22F3 /* Build configuration list for PBXNativeTarget "Cat YearTests" */;
			buildPhases = (
				334CCC191B4CF71C00AB22F3 /* Sources */,
				334CCC1A1B4CF71C00AB22F3 /* Frameworks */,
				334CCC1B1B4CF71C00AB22F3 /* Resources */,
			);
			buildRules = (
			);
			dependencies = (
				334CCC1F1B4CF71C00AB22F3 /* PBXTargetDependency */,
			);
			name = "Cat YearTests";
			productName = "Cat YearTests";
			productReference = 334CCC1D1B4CF71C00AB22F3 /* Cat YearTests.xctest */;
			productType = "com.apple.product-type.bundle.unit-test";
		};
/* End PBXNativeTarget section */

/* Begin PBXProject section */
		334CCC001B4CF71C00AB22F3 /* Project object */ = {
			isa = PBXProject;
			attributes = {
				LastUpgradeCheck = 0640;
				ORGANIZATIONNAME = "Kshitij Negi";
				TargetAttributes = {
					334CCC071B4CF71C00AB22F3 = {
						CreatedOnToolsVersion = 6.4;
					};
					334CCC1C1B4CF71C00AB22F3 = {
						CreatedOnToolsVersion = 6.4;
						TestTargetID = 334CCC071B4CF71C00AB22F3;
					};
				};
			};
			buildConfigurationList = 334CCC031B4CF71C00AB22F3 /* Build configuration list for PBXProject "Cat Year" */;
			compatibilityVersion = "Xcode 3.2";
			developmentRegion = English;
			hasScannedForEncodings = 0;
			knownRegions = (
				en,
				Base,
			);
			mainGroup = 334CCBFF1B4CF71C00AB22F3;
			productRefGroup = 334CCC091B4CF71C00AB22F3 /* Products */;
			projectDirPath = "";
			projectRoot = "";
			targets = (
				334CCC071B4CF71C00AB22F3 /* Cat Year */,
				334CCC1C1B4CF71C00AB22F3 /* Cat YearTests */,
			);
		};
/* End PBXProject section */

/* Begin PBXResourcesBuildPhase section */
		334CCC061B4CF71C00AB22F3 /* Resources */ = {
			isa = PBXResourcesBuildPhase;
			buildActionMask = 2147483647;
			files = (
				334CCC131B4CF71C00AB22F3 /* Main.storyboard in Resources */,
				334CCC181B4CF71C00AB22F3 /* LaunchScreen.xib in Resources */,
				334CCC151B4CF71C00AB22F3 /* Images.xcassets in Resources */,
			);
			runOnlyForDeploymentPostprocessing = 0;
		};
		334CCC1B1B4CF71C00AB22F3 /* Resources */ = {
			isa = PBXResourcesBuildPhase;
			buildActionMask = 2147483647;
			files = (
			);
			runOnlyForDeploymentPostprocessing = 0;
		};
/* End PBXResourcesBuildPhase section */

/* Begin PBXSourcesBuildPhase section */
		334CCC041B4CF71C00AB22F3 /* Sources */ = {
			isa = PBXSourcesBuildPhase;
			buildActionMask = 2147483647;
			files = (
				334CCC101B4CF71C00AB22F3 /* ViewController.swift in Sources */,
				334CCC0E1B4CF71C00AB22F3 /* AppDelegate.swift in Sources */,
			);
			runOnlyForDeploymentPostprocessing = 0;
		};
		334CCC191B4CF71C00AB22F3 /* Sources */ = {
			isa = PBXSourcesBuildPhase;
			buildActionMask = 2147483647;
			files = (
				334CCC241B4CF71C00AB22F3 /* Cat_YearTests.swift in Sources */,
			);
			runOnlyForDeploymentPostprocessing = 0;
		};
/* End PBXSourcesBuildPhase section */

/* Begin PBXTargetDependency section */
		334CCC1F1B4CF71C00AB22F3 /* PBXTargetDependency */ = {
			isa = PBXTargetDependency;
			target = 334CCC071B4CF71C00AB22F3 /* Cat Year */;
			targetProxy = 334CCC1E1B4CF71C00AB22F3 /* PBXContainerItemProxy */;
		};
/* End PBXTargetDependency section */

/* Begin PBXVariantGroup section */
		334CCC111B4CF71C00AB22F3 /* Main.storyboard */ = {
			isa = PBXVariantGroup;
			children = (
				334CCC121B4CF71C00AB22F3 /* Base */,
			);
			name = Main.storyboard;
			sourceTree = "<group>";
		};
		334CCC161B4CF71C00AB22F3 /* LaunchScreen.xib */ = {
			isa = PBXVariantGroup;
			children = (
				334CCC171B4CF71C00AB22F3 /* Base */,
			);
			name = LaunchScreen.xib;
			sourceTree = "<group>";
		};
/* End PBXVariantGroup section */

/* Begin XCBuildConfiguration section */
		334CCC251B4CF71C00AB22F3 /* Debug */ = {
			isa = XCBuildConfiguration;
			buildSettings = {
				ALWAYS_SEARCH_USER_PATHS = NO;
				CLANG_CXX_LANGUAGE_STANDARD = "gnu++0x";
				CLANG_CXX_LIBRARY = "libc++";
				CLANG_ENABLE_MODULES = YES;
				CLANG_ENABLE_OBJC_ARC = YES;
				CLANG_WARN_BOOL_CONVERSION = YES;
				CLANG_WARN_CONSTANT_CONVERSION = YES;
				CLANG_WARN_DIRECT_OBJC_ISA_USAGE = YES_ERROR;
				CLANG_WARN_EMPTY_BODY = YES;
				CLANG_WARN_ENUM_CONVERSION = YES;
				CLANG_WARN_INT_CONVERSION = YES;
				CLANG_WARN_OBJC_ROOT_CLASS = YES_ERROR;
				CLANG_WARN_UNREACHABLE_CODE = YES;
				CLANG_WARN__DUPLICATE_METHOD_MATCH = YES;
				"CODE_SIGN_IDENTITY[sdk=iphoneos*]" = "iPhone Developer";
				COPY_PHASE_STRIP = NO;
				DEBUG_INFORMATION_FORMAT = "dwarf-with-dsym";
				ENABLE_STRICT_OBJC_MSGSEND = YES;
				GCC_C_LANGUAGE_STANDARD = gnu99;
				GCC_DYNAMIC_NO_PIC = NO;
				GCC_NO_COMMON_BLOCKS = YES;
				GCC_OPTIMIZATION_LEVEL = 0;
				GCC_PREPROCESSOR_DEFINITIONS = (
					"DEBUG=1",
					"$(inherited)",
				);
				GCC_SYMBOLS_PRIVATE_EXTERN = NO;
				GCC_WARN_64_TO_32_BIT_CONVERSION = YES;
				GCC_WARN_ABOUT_RETURN_TYPE = YES_ERROR;
				GCC_WARN_UNDECLARED_SELECTOR = YES;
				GCC_WARN_UNINITIALIZED_AUTOS = YES_AGGRESSIVE;
				GCC_WARN_UNUSED_FUNCTION = YES;
				GCC_WARN_UNUSED_VARIABLE = YES;
				IPHONEOS_DEPLOYMENT_TARGET = 8.4;
				MTL_ENABLE_DEBUG_INFO = YES;
				ONLY_ACTIVE_ARCH = YES;
				SDKROOT = iphoneos;
				SWIFT_OPTIMIZATION_LEVEL = "-Onone";
				TARGETED_DEVICE_FAMILY = "1,2";
			};
			name = Debug;
		};
		334CCC261B4CF71C00AB22F3 /* Release */ = {
			isa = XCBuildConfiguration;
			buildSettings = {
				ALWAYS_SEARCH_USER_PATHS = NO;
				CLANG_CXX_LANGUAGE_STANDARD = "gnu++0x";
				CLANG_CXX_LIBRARY = "libc++";
				CLANG_ENABLE_MODULES = YES;
				CLANG_ENABLE_OBJC_ARC = YES;
				CLANG_WARN_BOOL_CONVERSION = YES;
				CLANG_WARN_CONSTANT_CONVERSION = YES;
				CLANG_WARN_DIRECT_OBJC_ISA_USAGE = YES_ERROR;
				CLANG_WARN_EMPTY_BODY = YES;
				CLANG_WARN_ENUM_CONVERSION = YES;
				CLANG_WARN_INT_CONVERSION = YES;
				CLANG_WARN_OBJC_ROOT_CLASS = YES_ERROR;
				CLANG_WARN_UNREACHABLE_CODE = YES;
				CLANG_WARN__DUPLICATE_METHOD_MATCH = YES;
				"CODE_SIGN_IDENTITY[sdk=iphoneos*]" = "iPhone Developer";
				COPY_PHASE_STRIP = NO;
				DEBUG_INFORMATION_FORMAT = "dwarf-with-dsym";
				ENABLE_NS_ASSERTIONS = NO;
				ENABLE_STRICT_OBJC_MSGSEND = YES;
				GCC_C_LANGUAGE_STANDARD = gnu99;
				GCC_NO_COMMON_BLOCKS = YES;
				GCC_WARN_64_TO_32_BIT_CONVERSION = YES;
				GCC_WARN_ABOUT_RETURN_TYPE = YES_ERROR;
				GCC_WARN_UNDECLARED_SELECTOR = YES;
				GCC_WARN_UNINITIALIZED_AUTOS = YES_AGGRESSIVE;
				GCC_WARN_UNUSED_FUNCTION = YES;
				GCC_WARN_UNUSED_VARIABLE = YES;
				IPHONEOS_DEPLOYMENT_TARGET = 8.4;
				MTL_ENABLE_DEBUG_INFO = NO;
				SDKROOT = iphoneos;
				TARGETED_DEVICE_FAMILY = "1,2";
				VALIDATE_PRODUCT = YES;
			};
			name = Release;
		};
		334CCC281B4CF71C00AB22F3 /* Debug */ = {
			isa = XCBuildConfiguration;
			buildSettings = {
				ASSETCATALOG_COMPILER_APPICON_NAME = AppIcon;
				INFOPLIST_FILE = "Cat Year/Info.plist";
				LD_RUNPATH_SEARCH_PATHS = "$(inherited) @executable_path/Frameworks";
				PRODUCT_NAME = "$(TARGET_NAME)";
			};
			name = Debug;
		};
		334CCC291B4CF71C00AB22F3 /* Release */ = {
			isa = XCBuildConfiguration;
			buildSettings = {
				ASSETCATALOG_COMPILER_APPICON_NAME = AppIcon;
				INFOPLIST_FILE = "Cat Year/Info.plist";
				LD_RUNPATH_SEARCH_PATHS = "$(inherited) @executable_path/Frameworks";
				PRODUCT_NAME = "$(TARGET_NAME)";
			};
			name = Release;
		};
		334CCC2B1B4CF71C00AB22F3 /* Debug */ = {
			isa = XCBuildConfiguration;
			buildSettings = {
				BUNDLE_LOADER = "$(TEST_HOST)";
				FRAMEWORK_SEARCH_PATHS = (
					"$(SDKROOT)/Developer/Library/Frameworks",
					"$(inherited)",
				);
				GCC_PREPROCESSOR_DEFINITIONS = (
					"DEBUG=1",
					"$(inherited)",
				);
				INFOPLIST_FILE = "Cat YearTests/Info.plist";
				LD_RUNPATH_SEARCH_PATHS = "$(inherited) @executable_path/Frameworks @loader_path/Frameworks";
				PRODUCT_NAME = "$(TARGET_NAME)";
				TEST_HOST = "$(BUILT_PRODUCTS_DIR)/Cat Year.app/Cat Year";
			};
			name = Debug;
		};
		334CCC2C1B4CF71C00AB22F3 /* Release */ = {
			isa = XCBuildConfiguration;
			buildSettings = {
				BUNDLE_LOADER = "$(TEST_HOST)";
				FRAMEWORK_SEARCH_PATHS = (
					"$(SDKROOT)/Developer/Library/Frameworks",
					"$(inherited)",
				);
				INFOPLIST_FILE = "Cat YearTests/Info.plist";
				LD_RUNPATH_SEARCH_PATHS = "$(inherited) @executable_path/Frameworks @loader_path/Frameworks";
				PRODUCT_NAME = "$(TARGET_NAME)";
				TEST_HOST = "$(BUILT_PRODUCTS_DIR)/Cat Year.app/Cat Year";
			};
			name = Release;
		};
/* End XCBuildConfiguration section */

/* Begin XCConfigurationList section */
		334CCC031B4CF71C00AB22F3 /* Build configuration list for PBXProject "Cat Year" */ = {
			isa = XCConfigurationList;
			buildConfigurations = (
				334CCC251B4CF71C00AB22F3 /* Debug */,
				334CCC261B4CF71C00AB22F3 /* Release */,
			);
			defaultConfigurationIsVisible = 0;
			defaultConfigurationName = Release;
		};
		334CCC271B4CF71C00AB22F3 /* Build configuration list for PBXNativeTarget "Cat Year" */ = {
			isa = XCConfigurationList;
			buildConfigurations = (
				334CCC281B4CF71C00AB22F3 /* Debug */,
				334CCC291B4CF71C00AB22F3 /* Release */,
			);
			defaultConfigurationIsVisible = 0;
		};
		334CCC2A1B4CF71C00AB22F3 /* Build configuration list for PBXNativeTarget "Cat YearTests" */ = {
			isa = XCConfigurationList;
			buildConfigurations = (
				334CCC2B1B4CF71C00AB22F3 /* Debug */,
				334CCC2C1B4CF71C00AB22F3 /* Release */,
			);
			defaultConfigurationIsVisible = 0;
		};
/* End XCConfigurationList section */
	};
	rootObject = 334CCC001B4CF71C00AB22F3 /* Project object */;
}
